
Microsoft Visual Studio Solution File, Format Version 12.00
# Visual Studio 15
VisualStudioVersion = 15.0.28307.421
MinimumVisualStudioVersion = 10.0.40219.1
Project("{FAE04EC0-301F-11D3-BF4B-00C04F79EFBC}") = "ATEMkey", "ATEMkey\ATEMkey.csproj", "{F437ACCD-CC7C-4E87-BB37-A1A5C18D865A}"
EndProject
Global
	GlobalSection(SolutionConfigurationPlatforms) = preSolution
		Debug|Any CPU = Debug|Any CPU
		Release|Any CPU = Release|Any CPU
	EndGlobalSection
	GlobalSection(ProjectConfigurationPlatforms) = postSolution
		{F437ACCD-CC7C-4E87-BB37-A1A5C18D865A}.Debug|Any CPU.ActiveCfg = Debug|Any CPU
		{F437ACCD-CC7C-4E87-BB37-A1A5C18D865A}.Debug|Any CPU.Build.0 = Debug|Any CPU
		{F437ACCD-CC7C-4E87-BB37-A1A5C18D865A}.Release|Any CPU.ActiveCfg = Release|Any CPU
		{F437ACCD-CC7C-4E87-BB37-A1A5C18D865A}.Release|Any CPU.Build.0 = Release|Any CPU
	EndGlobalSection
	GlobalSection(SolutionProperties) = preSolution
		HideSolutionNode = FALSE
	EndGlobalSection
	GlobalSection(ExtensibilityGlobals) = postSolution
		SolutionGuid = {E5C36B71-9237-41B2-9389-7F17F76378E4}
	EndGlobalSection
EndGlobal
